{
  "name": "grpc-nodejs-demo",
  "version": "1.0.0",
  "lockfileVersion": 3,
  "requires": true,
  "packages": {
    "": {
      "name": "grpc-nodejs-demo",
      "version": "1.0.0",
      "license": "ISC",
      "workspaces": [
        "apps/*"
      ]
    },
    "apps/premium-service": {
      "version": "1.0.0",
      "license": "ISC",
      "devDependencies": {}
    },
    "apps/user-service": {
      "version": "1.0.0",
      "license": "ISC"
    },
    "node_modules/premium-service": {
      "resolved": "apps/premium-service",
      "link": true
    },
    "node_modules/user-service": {
      "resolved": "apps/user-service",
      "link": true
    }
  }
}
